{
  "object": {
    "pins": [
      {
        "package": "Alamofire",
        "repositoryURL": "https://github.com/Alamofire/Alamofire",
        "state": {
          "branch": null,
          "revision": "f82c23a8a7ef8dc1a49a8bfc6a96883e79121864",
          "version": "5.5.0"
        }
      },
      {
        "package": "SwiftyJSON",
        "repositoryURL": "https://github.com/SwiftyJSON/SwiftyJSON",
        "state": {
          "branch": null,
          "revision": "b3dcd7dbd0d488e1a7077cb33b00f2083e382f07",
          "version": "5.0.1"
        }
      },
      {
        "package": "YouTubePlayerKit",
        "repositoryURL": "https://github.com/SvenTiigi/YouTubePlayerKit",
        "state": {
          "branch": null,
          "revision": "abc479b38cf86e28a17ccec5345d9acd95fd46dd",
          "version": "1.1.8"
        }
      }
    ]
  },
  "version": 1
}
